
Microsoft Visual Studio Solution File, Format Version 12.00
# Visual Studio Version 17
VisualStudioVersion = 17.0.31903.59
MinimumVisualStudioVersion = 10.0.40219.1
Project("{FAE04EC0-301F-11D3-BF4B-00C04F79EFBC}") = "CalculatorOfCalories", "CalculatorOfCalories\CalculatorOfCalories.csproj", "{B35C6773-59D4-43F5-8363-6A9245BD5000}"
EndProject
Global
	GlobalSection(SolutionConfigurationPlatforms) = preSolution
		Debug|Any CPU = Debug|Any CPU
		Release|Any CPU = Release|Any CPU
	EndGlobalSection
	GlobalSection(ProjectConfigurationPlatforms) = postSolution
		{B35C6773-59D4-43F5-8363-6A9245BD5000}.Debug|Any CPU.ActiveCfg = Debug|Any CPU
		{B35C6773-59D4-43F5-8363-6A9245BD5000}.Debug|Any CPU.Build.0 = Debug|Any CPU
		{B35C6773-59D4-43F5-8363-6A9245BD5000}.Release|Any CPU.ActiveCfg = Release|Any CPU
		{B35C6773-59D4-43F5-8363-6A9245BD5000}.Release|Any CPU.Build.0 = Release|Any CPU
	EndGlobalSection
	GlobalSection(SolutionProperties) = preSolution
		HideSolutionNode = FALSE
	EndGlobalSection
	GlobalSection(ExtensibilityGlobals) = postSolution
		SolutionGuid = {7BCF6751-9491-4E0C-BD70-232C497C5D74}
	EndGlobalSection
EndGlobal
